
Microsoft Visual Studio Solution File, Format Version 12.00
# Visual Studio Version 16
VisualStudioVersion = 16.0.32002.261
MinimumVisualStudioVersion = 10.0.40219.1
Project("{FAE04EC0-301F-11D3-BF4B-00C04F79EFBC}") = "Example.Blog.Web", "Example.Blog.Web\Example.Blog.Web.csproj", "{6B6BE2D6-4707-487E-B698-A5F1D4933408}"
EndProject
Project("{FAE04EC0-301F-11D3-BF4B-00C04F79EFBC}") = "Example.Blog.Domain", "Example.Blog.Domain\Example.Blog.Domain.csproj", "{9E5C7C34-492D-43DD-8992-FC9893E1CF74}"
EndProject
Project("{FAE04EC0-301F-11D3-BF4B-00C04F79EFBC}") = "Example.Blog.DAL.Fake", "Example.Blog.DAL.Fake\Example.Blog.DAL.Fake.csproj", "{51A4C960-301F-4E51-A6FD-0600C5E41F91}"
EndProject
Project("{FAE04EC0-301F-11D3-BF4B-00C04F79EFBC}") = "Example.Blog.BL", "Example.Blog.BL\Example.Blog.BL.csproj", "{E14E832C-774A-4C1E-A21A-48C91FF4D726}"
EndProject
Project("{2150E333-8FDC-42A3-9474-1A3956D46DE8}") = "Solution Items", "Solution Items", "{55F2FCE7-A106-446B-BBF7-11D203288902}"
	ProjectSection(SolutionItems) = preProject
		..\README.md = ..\README.md
	EndProjectSection
EndProject
Project("{2150E333-8FDC-42A3-9474-1A3956D46DE8}") = "RegistryArea", "RegistryArea", "{F29E6EA8-406C-47DA-B443-0F979C2C6E26}"
EndProject
Project("{9A19103F-16F7-4668-BE54-9A1E7A4F7556}") = "Magicianred.RegistryArea.Domain", "RegistryArea\Magicianred.RegistryArea\Magicianred.RegistryArea.Domain\Magicianred.RegistryArea.Domain.csproj", "{0B3D237B-1A18-4FC5-A249-659536D3C01B}"
EndProject
Project("{9A19103F-16F7-4668-BE54-9A1E7A4F7556}") = "Magicianred.RegistryArea.BL", "RegistryArea\Magicianred.RegistryArea\Magicianred.RegistryArea.BL\Magicianred.RegistryArea.BL.csproj", "{90CF353C-7307-4F5C-969D-71B7354B9860}"
EndProject
Global
	GlobalSection(SolutionConfigurationPlatforms) = preSolution
		Debug|Any CPU = Debug|Any CPU
		Release|Any CPU = Release|Any CPU
	EndGlobalSection
	GlobalSection(ProjectConfigurationPlatforms) = postSolution
		{6B6BE2D6-4707-487E-B698-A5F1D4933408}.Debug|Any CPU.ActiveCfg = Debug|Any CPU
		{6B6BE2D6-4707-487E-B698-A5F1D4933408}.Debug|Any CPU.Build.0 = Debug|Any CPU
		{6B6BE2D6-4707-487E-B698-A5F1D4933408}.Release|Any CPU.ActiveCfg = Release|Any CPU
		{6B6BE2D6-4707-487E-B698-A5F1D4933408}.Release|Any CPU.Build.0 = Release|Any CPU
		{9E5C7C34-492D-43DD-8992-FC9893E1CF74}.Debug|Any CPU.ActiveCfg = Debug|Any CPU
		{9E5C7C34-492D-43DD-8992-FC9893E1CF74}.Debug|Any CPU.Build.0 = Debug|Any CPU
		{9E5C7C34-492D-43DD-8992-FC9893E1CF74}.Release|Any CPU.ActiveCfg = Release|Any CPU
		{9E5C7C34-492D-43DD-8992-FC9893E1CF74}.Release|Any CPU.Build.0 = Release|Any CPU
		{51A4C960-301F-4E51-A6FD-0600C5E41F91}.Debug|Any CPU.ActiveCfg = Debug|Any CPU
		{51A4C960-301F-4E51-A6FD-0600C5E41F91}.Debug|Any CPU.Build.0 = Debug|Any CPU
		{51A4C960-301F-4E51-A6FD-0600C5E41F91}.Release|Any CPU.ActiveCfg = Release|Any CPU
		{51A4C960-301F-4E51-A6FD-0600C5E41F91}.Release|Any CPU.Build.0 = Release|Any CPU
		{E14E832C-774A-4C1E-A21A-48C91FF4D726}.Debug|Any CPU.ActiveCfg = Debug|Any CPU
		{E14E832C-774A-4C1E-A21A-48C91FF4D726}.Debug|Any CPU.Build.0 = Debug|Any CPU
		{E14E832C-774A-4C1E-A21A-48C91FF4D726}.Release|Any CPU.ActiveCfg = Release|Any CPU
		{E14E832C-774A-4C1E-A21A-48C91FF4D726}.Release|Any CPU.Build.0 = Release|Any CPU
		{0B3D237B-1A18-4FC5-A249-659536D3C01B}.Debug|Any CPU.ActiveCfg = Debug|Any CPU
		{0B3D237B-1A18-4FC5-A249-659536D3C01B}.Debug|Any CPU.Build.0 = Debug|Any CPU
		{0B3D237B-1A18-4FC5-A249-659536D3C01B}.Release|Any CPU.ActiveCfg = Release|Any CPU
		{0B3D237B-1A18-4FC5-A249-659536D3C01B}.Release|Any CPU.Build.0 = Release|Any CPU
		{90CF353C-7307-4F5C-969D-71B7354B9860}.Debug|Any CPU.ActiveCfg = Debug|Any CPU
		{90CF353C-7307-4F5C-969D-71B7354B9860}.Debug|Any CPU.Build.0 = Debug|Any CPU
		{90CF353C-7307-4F5C-969D-71B7354B9860}.Release|Any CPU.ActiveCfg = Release|Any CPU
		{90CF353C-7307-4F5C-969D-71B7354B9860}.Release|Any CPU.Build.0 = Release|Any CPU
	EndGlobalSection
	GlobalSection(SolutionProperties) = preSolution
		HideSolutionNode = FALSE
	EndGlobalSection
	GlobalSection(NestedProjects) = preSolution
		{0B3D237B-1A18-4FC5-A249-659536D3C01B} = {F29E6EA8-406C-47DA-B443-0F979C2C6E26}
		{90CF353C-7307-4F5C-969D-71B7354B9860} = {F29E6EA8-406C-47DA-B443-0F979C2C6E26}
	EndGlobalSection
	GlobalSection(ExtensibilityGlobals) = postSolution
		SolutionGuid = {E24A8E48-20D9-4F38-95DA-C00A83673520}
	EndGlobalSection
EndGlobal
